
Microsoft Visual Studio Solution File, Format Version 12.00
# Visual Studio Version 17
VisualStudioVersion = 17.0.31903.59
MinimumVisualStudioVersion = 10.0.40219.1
Project("{FAE04EC0-301F-11D3-BF4B-00C04F79EFBC}") = "Zabil.Api", "Zabil.Api\Zabil.Api.csproj", "{B44AE447-D8F6-4F73-9C42-80F5CD0FEB2B}"
EndProject
Project("{2150E333-8FDC-42A3-9474-1A3956D46DE8}") = "Zabil.tests", "Zabil.tests", "{AEE10711-F1CA-6BB0-46F2-E52D6EE08A2D}"
EndProject
Project("{FAE04EC0-301F-11D3-BF4B-00C04F79EFBC}") = "Zabil.Tests", "Zabil.tests\Zabil.Tests.csproj", "{56F32CB4-1DB6-4EF7-89D1-6577C6AA37CD}"
EndProject
Global
	GlobalSection(SolutionConfigurationPlatforms) = preSolution
		Debug|Any CPU = Debug|Any CPU
		Debug|x64 = Debug|x64
		Debug|x86 = Debug|x86
		Release|Any CPU = Release|Any CPU
		Release|x64 = Release|x64
		Release|x86 = Release|x86
	EndGlobalSection
	GlobalSection(ProjectConfigurationPlatforms) = postSolution
		{B44AE447-D8F6-4F73-9C42-80F5CD0FEB2B}.Debug|Any CPU.ActiveCfg = Debug|Any CPU
		{B44AE447-D8F6-4F73-9C42-80F5CD0FEB2B}.Debug|Any CPU.Build.0 = Debug|Any CPU
		{B44AE447-D8F6-4F73-9C42-80F5CD0FEB2B}.Debug|x64.ActiveCfg = Debug|Any CPU
		{B44AE447-D8F6-4F73-9C42-80F5CD0FEB2B}.Debug|x64.Build.0 = Debug|Any CPU
		{B44AE447-D8F6-4F73-9C42-80F5CD0FEB2B}.Debug|x86.ActiveCfg = Debug|Any CPU
		{B44AE447-D8F6-4F73-9C42-80F5CD0FEB2B}.Debug|x86.Build.0 = Debug|Any CPU
		{B44AE447-D8F6-4F73-9C42-80F5CD0FEB2B}.Release|Any CPU.ActiveCfg = Release|Any CPU
		{B44AE447-D8F6-4F73-9C42-80F5CD0FEB2B}.Release|Any CPU.Build.0 = Release|Any CPU
		{B44AE447-D8F6-4F73-9C42-80F5CD0FEB2B}.Release|x64.ActiveCfg = Release|Any CPU
		{B44AE447-D8F6-4F73-9C42-80F5CD0FEB2B}.Release|x64.Build.0 = Release|Any CPU
		{B44AE447-D8F6-4F73-9C42-80F5CD0FEB2B}.Release|x86.ActiveCfg = Release|Any CPU
		{B44AE447-D8F6-4F73-9C42-80F5CD0FEB2B}.Release|x86.Build.0 = Release|Any CPU
		{56F32CB4-1DB6-4EF7-89D1-6577C6AA37CD}.Debug|Any CPU.ActiveCfg = Debug|Any CPU
		{56F32CB4-1DB6-4EF7-89D1-6577C6AA37CD}.Debug|Any CPU.Build.0 = Debug|Any CPU
		{56F32CB4-1DB6-4EF7-89D1-6577C6AA37CD}.Debug|x64.ActiveCfg = Debug|Any CPU
		{56F32CB4-1DB6-4EF7-89D1-6577C6AA37CD}.Debug|x64.Build.0 = Debug|Any CPU
		{56F32CB4-1DB6-4EF7-89D1-6577C6AA37CD}.Debug|x86.ActiveCfg = Debug|Any CPU
		{56F32CB4-1DB6-4EF7-89D1-6577C6AA37CD}.Debug|x86.Build.0 = Debug|Any CPU
		{56F32CB4-1DB6-4EF7-89D1-6577C6AA37CD}.Release|Any CPU.ActiveCfg = Release|Any CPU
		{56F32CB4-1DB6-4EF7-89D1-6577C6AA37CD}.Release|Any CPU.Build.0 = Release|Any CPU
		{56F32CB4-1DB6-4EF7-89D1-6577C6AA37CD}.Release|x64.ActiveCfg = Release|Any CPU
		{56F32CB4-1DB6-4EF7-89D1-6577C6AA37CD}.Release|x64.Build.0 = Release|Any CPU
		{56F32CB4-1DB6-4EF7-89D1-6577C6AA37CD}.Release|x86.ActiveCfg = Release|Any CPU
		{56F32CB4-1DB6-4EF7-89D1-6577C6AA37CD}.Release|x86.Build.0 = Release|Any CPU
	EndGlobalSection
	GlobalSection(SolutionProperties) = preSolution
		HideSolutionNode = FALSE
	EndGlobalSection
	GlobalSection(NestedProjects) = preSolution
		{56F32CB4-1DB6-4EF7-89D1-6577C6AA37CD} = {AEE10711-F1CA-6BB0-46F2-E52D6EE08A2D}
	EndGlobalSection
EndGlobal
